
Microsoft Visual Studio Solution File, Format Version 12.00
# Visual Studio 2013
VisualStudioVersion = 12.0.31101.0
MinimumVisualStudioVersion = 10.0.40219.1
Project("{FAE04EC0-301F-11D3-BF4B-00C04F79EFBC}") = "XamarinMemeGenerator", "XamarinMemeGenerator\XamarinMemeGenerator\XamarinMemeGenerator.csproj", "{9637F196-D3C9-4E57-AC21-E4969C3B08B4}"
EndProject
Project("{FAE04EC0-301F-11D3-BF4B-00C04F79EFBC}") = "XamarinMemeGenerator.iOS", "XamarinMemeGenerator\XamarinMemeGenerator.iOS\XamarinMemeGenerator.iOS.csproj", "{E3B2066A-F624-4270-B699-D905F1B46D0A}"
EndProject
Project("{FAE04EC0-301F-11D3-BF4B-00C04F79EFBC}") = "XamarinMemeGenerator.Droid", "XamarinMemeGenerator\XamarinMemeGenerator.Droid\XamarinMemeGenerator.Droid.csproj", "{6ECFECAC-7B35-426E-B6C4-506CBCDF036F}"
EndProject
Project("{FAE04EC0-301F-11D3-BF4B-00C04F79EFBC}") = "XamarinMemeGenerator.WinPhone", "XamarinMemeGenerator\XamarinMemeGenerator.WinPhone\XamarinMemeGenerator.WinPhone.csproj", "{F88D5E87-83C2-45B0-A156-AC8353E5520D}"
EndProject
Global
	GlobalSection(SolutionConfigurationPlatforms) = preSolution
		Debug|Any CPU = Debug|Any CPU
		Debug|ARM = Debug|ARM
		Debug|iPhone = Debug|iPhone
		Debug|iPhoneSimulator = Debug|iPhoneSimulator
		Debug|Mixed Platforms = Debug|Mixed Platforms
		Debug|x86 = Debug|x86
		Release|Any CPU = Release|Any CPU
		Release|ARM = Release|ARM
		Release|iPhone = Release|iPhone
		Release|iPhoneSimulator = Release|iPhoneSimulator
		Release|Mixed Platforms = Release|Mixed Platforms
		Release|x86 = Release|x86
	EndGlobalSection
	GlobalSection(ProjectConfigurationPlatforms) = postSolution
		{9637F196-D3C9-4E57-AC21-E4969C3B08B4}.Debug|Any CPU.ActiveCfg = Debug|Any CPU
		{9637F196-D3C9-4E57-AC21-E4969C3B08B4}.Debug|Any CPU.Build.0 = Debug|Any CPU
		{9637F196-D3C9-4E57-AC21-E4969C3B08B4}.Debug|ARM.ActiveCfg = Debug|Any CPU
		{9637F196-D3C9-4E57-AC21-E4969C3B08B4}.Debug|iPhone.ActiveCfg = Debug|Any CPU
		{9637F196-D3C9-4E57-AC21-E4969C3B08B4}.Debug|iPhoneSimulator.ActiveCfg = Debug|Any CPU
		{9637F196-D3C9-4E57-AC21-E4969C3B08B4}.Debug|Mixed Platforms.ActiveCfg = Debug|Any CPU
		{9637F196-D3C9-4E57-AC21-E4969C3B08B4}.Debug|Mixed Platforms.Build.0 = Debug|Any CPU
		{9637F196-D3C9-4E57-AC21-E4969C3B08B4}.Debug|x86.ActiveCfg = Debug|Any CPU
		{9637F196-D3C9-4E57-AC21-E4969C3B08B4}.Release|Any CPU.ActiveCfg = Release|Any CPU
		{9637F196-D3C9-4E57-AC21-E4969C3B08B4}.Release|Any CPU.Build.0 = Release|Any CPU
		{9637F196-D3C9-4E57-AC21-E4969C3B08B4}.Release|ARM.ActiveCfg = Release|Any CPU
		{9637F196-D3C9-4E57-AC21-E4969C3B08B4}.Release|iPhone.ActiveCfg = Release|Any CPU
		{9637F196-D3C9-4E57-AC21-E4969C3B08B4}.Release|iPhoneSimulator.ActiveCfg = Release|Any CPU
		{9637F196-D3C9-4E57-AC21-E4969C3B08B4}.Release|Mixed Platforms.ActiveCfg = Release|Any CPU
		{9637F196-D3C9-4E57-AC21-E4969C3B08B4}.Release|Mixed Platforms.Build.0 = Release|Any CPU
		{9637F196-D3C9-4E57-AC21-E4969C3B08B4}.Release|x86.ActiveCfg = Release|Any CPU
		{E3B2066A-F624-4270-B699-D905F1B46D0A}.Debug|Any CPU.ActiveCfg = Debug|iPhone
		{E3B2066A-F624-4270-B699-D905F1B46D0A}.Debug|ARM.ActiveCfg = Debug|iPhone
		{E3B2066A-F624-4270-B699-D905F1B46D0A}.Debug|iPhone.ActiveCfg = Debug|iPhone
		{E3B2066A-F624-4270-B699-D905F1B46D0A}.Debug|iPhone.Build.0 = Debug|iPhone
		{E3B2066A-F624-4270-B699-D905F1B46D0A}.Debug|iPhoneSimulator.ActiveCfg = Debug|iPhoneSimulator
		{E3B2066A-F624-4270-B699-D905F1B46D0A}.Debug|iPhoneSimulator.Build.0 = Debug|iPhoneSimulator
		{E3B2066A-F624-4270-B699-D905F1B46D0A}.Debug|Mixed Platforms.ActiveCfg = Debug|iPhone
		{E3B2066A-F624-4270-B699-D905F1B46D0A}.Debug|Mixed Platforms.Build.0 = Debug|iPhone
		{E3B2066A-F624-4270-B699-D905F1B46D0A}.Debug|x86.ActiveCfg = Debug|iPhone
		{E3B2066A-F624-4270-B699-D905F1B46D0A}.Release|Any CPU.ActiveCfg = Release|iPhone
		{E3B2066A-F624-4270-B699-D905F1B46D0A}.Release|ARM.ActiveCfg = Release|iPhone
		{E3B2066A-F624-4270-B699-D905F1B46D0A}.Release|iPhone.ActiveCfg = Release|iPhone
		{E3B2066A-F624-4270-B699-D905F1B46D0A}.Release|iPhone.Build.0 = Release|iPhone
		{E3B2066A-F624-4270-B699-D905F1B46D0A}.Release|iPhoneSimulator.ActiveCfg = Release|iPhoneSimulator
		{E3B2066A-F624-4270-B699-D905F1B46D0A}.Release|iPhoneSimulator.Build.0 = Release|iPhoneSimulator
		{E3B2066A-F624-4270-B699-D905F1B46D0A}.Release|Mixed Platforms.ActiveCfg = Release|iPhone
		{E3B2066A-F624-4270-B699-D905F1B46D0A}.Release|Mixed Platforms.Build.0 = Release|iPhone
		{E3B2066A-F624-4270-B699-D905F1B46D0A}.Release|x86.ActiveCfg = Release|iPhone
		{6ECFECAC-7B35-426E-B6C4-506CBCDF036F}.Debug|Any CPU.ActiveCfg = Debug|Any CPU
		{6ECFECAC-7B35-426E-B6C4-506CBCDF036F}.Debug|Any CPU.Build.0 = Debug|Any CPU
		{6ECFECAC-7B35-426E-B6C4-506CBCDF036F}.Debug|Any CPU.Deploy.0 = Debug|Any CPU
		{6ECFECAC-7B35-426E-B6C4-506CBCDF036F}.Debug|ARM.ActiveCfg = Debug|Any CPU
		{6ECFECAC-7B35-426E-B6C4-506CBCDF036F}.Debug|iPhone.ActiveCfg = Debug|Any CPU
		{6ECFECAC-7B35-426E-B6C4-506CBCDF036F}.Debug|iPhoneSimulator.ActiveCfg = Debug|Any CPU
		{6ECFECAC-7B35-426E-B6C4-506CBCDF036F}.Debug|Mixed Platforms.ActiveCfg = Debug|Any CPU
		{6ECFECAC-7B35-426E-B6C4-506CBCDF036F}.Debug|Mixed Platforms.Build.0 = Debug|Any CPU
		{6ECFECAC-7B35-426E-B6C4-506CBCDF036F}.Debug|Mixed Platforms.Deploy.0 = Debug|Any CPU
		{6ECFECAC-7B35-426E-B6C4-506CBCDF036F}.Debug|x86.ActiveCfg = Debug|Any CPU
		{6ECFECAC-7B35-426E-B6C4-506CBCDF036F}.Release|Any CPU.ActiveCfg = Release|Any CPU
		{6ECFECAC-7B35-426E-B6C4-506CBCDF036F}.Release|Any CPU.Build.0 = Release|Any CPU
		{6ECFECAC-7B35-426E-B6C4-506CBCDF036F}.Release|Any CPU.Deploy.0 = Release|Any CPU
		{6ECFECAC-7B35-426E-B6C4-506CBCDF036F}.Release|ARM.ActiveCfg = Release|Any CPU
		{6ECFECAC-7B35-426E-B6C4-506CBCDF036F}.Release|iPhone.ActiveCfg = Release|Any CPU
		{6ECFECAC-7B35-426E-B6C4-506CBCDF036F}.Release|iPhoneSimulator.ActiveCfg = Release|Any CPU
		{6ECFECAC-7B35-426E-B6C4-506CBCDF036F}.Release|Mixed Platforms.ActiveCfg = Release|Any CPU
		{6ECFECAC-7B35-426E-B6C4-506CBCDF036F}.Release|Mixed Platforms.Build.0 = Release|Any CPU
		{6ECFECAC-7B35-426E-B6C4-506CBCDF036F}.Release|Mixed Platforms.Deploy.0 = Release|Any CPU
		{6ECFECAC-7B35-426E-B6C4-506CBCDF036F}.Release|x86.ActiveCfg = Release|Any CPU
		{F88D5E87-83C2-45B0-A156-AC8353E5520D}.Debug|Any CPU.ActiveCfg = Debug|Any CPU
		{F88D5E87-83C2-45B0-A156-AC8353E5520D}.Debug|Any CPU.Build.0 = Debug|Any CPU
		{F88D5E87-83C2-45B0-A156-AC8353E5520D}.Debug|Any CPU.Deploy.0 = Debug|Any CPU
		{F88D5E87-83C2-45B0-A156-AC8353E5520D}.Debug|ARM.ActiveCfg = Debug|ARM
		{F88D5E87-83C2-45B0-A156-AC8353E5520D}.Debug|ARM.Build.0 = Debug|ARM
		{F88D5E87-83C2-45B0-A156-AC8353E5520D}.Debug|ARM.Deploy.0 = Debug|ARM
		{F88D5E87-83C2-45B0-A156-AC8353E5520D}.Debug|iPhone.ActiveCfg = Debug|Any CPU
		{F88D5E87-83C2-45B0-A156-AC8353E5520D}.Debug|iPhoneSimulator.ActiveCfg = Debug|Any CPU
		{F88D5E87-83C2-45B0-A156-AC8353E5520D}.Debug|Mixed Platforms.ActiveCfg = Debug|x86
		{F88D5E87-83C2-45B0-A156-AC8353E5520D}.Debug|Mixed Platforms.Build.0 = Debug|x86
		{F88D5E87-83C2-45B0-A156-AC8353E5520D}.Debug|Mixed Platforms.Deploy.0 = Debug|x86
		{F88D5E87-83C2-45B0-A156-AC8353E5520D}.Debug|x86.ActiveCfg = Debug|x86
		{F88D5E87-83C2-45B0-A156-AC8353E5520D}.Debug|x86.Build.0 = Debug|x86
		{F88D5E87-83C2-45B0-A156-AC8353E5520D}.Debug|x86.Deploy.0 = Debug|x86
		{F88D5E87-83C2-45B0-A156-AC8353E5520D}.Release|Any CPU.ActiveCfg = Release|Any CPU
		{F88D5E87-83C2-45B0-A156-AC8353E5520D}.Release|Any CPU.Build.0 = Release|Any CPU
		{F88D5E87-83C2-45B0-A156-AC8353E5520D}.Release|Any CPU.Deploy.0 = Release|Any CPU
		{F88D5E87-83C2-45B0-A156-AC8353E5520D}.Release|ARM.ActiveCfg = Release|ARM
		{F88D5E87-83C2-45B0-A156-AC8353E5520D}.Release|ARM.Build.0 = Release|ARM
		{F88D5E87-83C2-45B0-A156-AC8353E5520D}.Release|ARM.Deploy.0 = Release|ARM
		{F88D5E87-83C2-45B0-A156-AC8353E5520D}.Release|iPhone.ActiveCfg = Release|Any CPU
		{F88D5E87-83C2-45B0-A156-AC8353E5520D}.Release|iPhoneSimulator.ActiveCfg = Release|Any CPU
		{F88D5E87-83C2-45B0-A156-AC8353E5520D}.Release|Mixed Platforms.ActiveCfg = Release|x86
		{F88D5E87-83C2-45B0-A156-AC8353E5520D}.Release|Mixed Platforms.Build.0 = Release|x86
		{F88D5E87-83C2-45B0-A156-AC8353E5520D}.Release|Mixed Platforms.Deploy.0 = Release|x86
		{F88D5E87-83C2-45B0-A156-AC8353E5520D}.Release|x86.ActiveCfg = Release|x86
		{F88D5E87-83C2-45B0-A156-AC8353E5520D}.Release|x86.Build.0 = Release|x86
		{F88D5E87-83C2-45B0-A156-AC8353E5520D}.Release|x86.Deploy.0 = Release|x86
	EndGlobalSection
	GlobalSection(SolutionProperties) = preSolution
		HideSolutionNode = FALSE
	EndGlobalSection
EndGlobal
