
Microsoft Visual Studio Solution File, Format Version 12.00
# Visual Studio 14
VisualStudioVersion = 14.0.25123.0
MinimumVisualStudioVersion = 10.0.40219.1
Project("{FAE04EC0-301F-11D3-BF4B-00C04F79EFBC}") = "XamarinIntroWorkshop.Droid", "XamarinIntroWorkshop\XamarinIntroWorkshop.Droid\XamarinIntroWorkshop.Droid.csproj", "{A145EEDE-0126-42CC-B610-59155091015E}"
EndProject
Project("{FAE04EC0-301F-11D3-BF4B-00C04F79EFBC}") = "XamarinIntroWorkshop.WinPhone", "XamarinIntroWorkshop\XamarinIntroWorkshop.WinPhone\XamarinIntroWorkshop.WinPhone.csproj", "{7E3152AD-3517-435D-9A95-CCD83A579FD6}"
EndProject
Project("{FAE04EC0-301F-11D3-BF4B-00C04F79EFBC}") = "XamarinIntroWorkshop", "XamarinIntroWorkshop\XamarinIntroWorkshop\XamarinIntroWorkshop.csproj", "{EB1D7BEF-66F2-447A-BE83-D0C3AD1DAC17}"
EndProject
Global
	GlobalSection(SolutionConfigurationPlatforms) = preSolution
		AppStore|Any CPU = AppStore|Any CPU
		AppStore|ARM = AppStore|ARM
		AppStore|iPhone = AppStore|iPhone
		AppStore|iPhoneSimulator = AppStore|iPhoneSimulator
		AppStore|x86 = AppStore|x86
		Debug|Any CPU = Debug|Any CPU
		Debug|ARM = Debug|ARM
		Debug|iPhone = Debug|iPhone
		Debug|iPhoneSimulator = Debug|iPhoneSimulator
		Debug|x86 = Debug|x86
		Release|Any CPU = Release|Any CPU
		Release|ARM = Release|ARM
		Release|iPhone = Release|iPhone
		Release|iPhoneSimulator = Release|iPhoneSimulator
		Release|x86 = Release|x86
	EndGlobalSection
	GlobalSection(ProjectConfigurationPlatforms) = postSolution
		{A145EEDE-0126-42CC-B610-59155091015E}.AppStore|Any CPU.ActiveCfg = Release|Any CPU
		{A145EEDE-0126-42CC-B610-59155091015E}.AppStore|Any CPU.Build.0 = Release|Any CPU
		{A145EEDE-0126-42CC-B610-59155091015E}.AppStore|Any CPU.Deploy.0 = Release|Any CPU
		{A145EEDE-0126-42CC-B610-59155091015E}.AppStore|ARM.ActiveCfg = Release|Any CPU
		{A145EEDE-0126-42CC-B610-59155091015E}.AppStore|ARM.Build.0 = Release|Any CPU
		{A145EEDE-0126-42CC-B610-59155091015E}.AppStore|ARM.Deploy.0 = Release|Any CPU
		{A145EEDE-0126-42CC-B610-59155091015E}.AppStore|iPhone.ActiveCfg = Release|Any CPU
		{A145EEDE-0126-42CC-B610-59155091015E}.AppStore|iPhone.Build.0 = Release|Any CPU
		{A145EEDE-0126-42CC-B610-59155091015E}.AppStore|iPhone.Deploy.0 = Release|Any CPU
		{A145EEDE-0126-42CC-B610-59155091015E}.AppStore|iPhoneSimulator.ActiveCfg = Release|Any CPU
		{A145EEDE-0126-42CC-B610-59155091015E}.AppStore|iPhoneSimulator.Build.0 = Release|Any CPU
		{A145EEDE-0126-42CC-B610-59155091015E}.AppStore|iPhoneSimulator.Deploy.0 = Release|Any CPU
		{A145EEDE-0126-42CC-B610-59155091015E}.AppStore|x86.ActiveCfg = Release|Any CPU
		{A145EEDE-0126-42CC-B610-59155091015E}.AppStore|x86.Build.0 = Release|Any CPU
		{A145EEDE-0126-42CC-B610-59155091015E}.AppStore|x86.Deploy.0 = Release|Any CPU
		{A145EEDE-0126-42CC-B610-59155091015E}.Debug|Any CPU.ActiveCfg = Debug|Any CPU
		{A145EEDE-0126-42CC-B610-59155091015E}.Debug|Any CPU.Build.0 = Debug|Any CPU
		{A145EEDE-0126-42CC-B610-59155091015E}.Debug|Any CPU.Deploy.0 = Debug|Any CPU
		{A145EEDE-0126-42CC-B610-59155091015E}.Debug|ARM.ActiveCfg = Debug|Any CPU
		{A145EEDE-0126-42CC-B610-59155091015E}.Debug|ARM.Build.0 = Debug|Any CPU
		{A145EEDE-0126-42CC-B610-59155091015E}.Debug|ARM.Deploy.0 = Debug|Any CPU
		{A145EEDE-0126-42CC-B610-59155091015E}.Debug|iPhone.ActiveCfg = Debug|Any CPU
		{A145EEDE-0126-42CC-B610-59155091015E}.Debug|iPhone.Build.0 = Debug|Any CPU
		{A145EEDE-0126-42CC-B610-59155091015E}.Debug|iPhone.Deploy.0 = Debug|Any CPU
		{A145EEDE-0126-42CC-B610-59155091015E}.Debug|iPhoneSimulator.ActiveCfg = Debug|Any CPU
		{A145EEDE-0126-42CC-B610-59155091015E}.Debug|iPhoneSimulator.Build.0 = Debug|Any CPU
		{A145EEDE-0126-42CC-B610-59155091015E}.Debug|iPhoneSimulator.Deploy.0 = Debug|Any CPU
		{A145EEDE-0126-42CC-B610-59155091015E}.Debug|x86.ActiveCfg = Debug|Any CPU
		{A145EEDE-0126-42CC-B610-59155091015E}.Debug|x86.Build.0 = Debug|Any CPU
		{A145EEDE-0126-42CC-B610-59155091015E}.Debug|x86.Deploy.0 = Debug|Any CPU
		{A145EEDE-0126-42CC-B610-59155091015E}.Release|Any CPU.ActiveCfg = Release|Any CPU
		{A145EEDE-0126-42CC-B610-59155091015E}.Release|Any CPU.Build.0 = Release|Any CPU
		{A145EEDE-0126-42CC-B610-59155091015E}.Release|Any CPU.Deploy.0 = Release|Any CPU
		{A145EEDE-0126-42CC-B610-59155091015E}.Release|ARM.ActiveCfg = Release|Any CPU
		{A145EEDE-0126-42CC-B610-59155091015E}.Release|ARM.Build.0 = Release|Any CPU
		{A145EEDE-0126-42CC-B610-59155091015E}.Release|ARM.Deploy.0 = Release|Any CPU
		{A145EEDE-0126-42CC-B610-59155091015E}.Release|iPhone.ActiveCfg = Release|Any CPU
		{A145EEDE-0126-42CC-B610-59155091015E}.Release|iPhone.Build.0 = Release|Any CPU
		{A145EEDE-0126-42CC-B610-59155091015E}.Release|iPhone.Deploy.0 = Release|Any CPU
		{A145EEDE-0126-42CC-B610-59155091015E}.Release|iPhoneSimulator.ActiveCfg = Release|Any CPU
		{A145EEDE-0126-42CC-B610-59155091015E}.Release|iPhoneSimulator.Build.0 = Release|Any CPU
		{A145EEDE-0126-42CC-B610-59155091015E}.Release|iPhoneSimulator.Deploy.0 = Release|Any CPU
		{A145EEDE-0126-42CC-B610-59155091015E}.Release|x86.ActiveCfg = Release|Any CPU
		{A145EEDE-0126-42CC-B610-59155091015E}.Release|x86.Build.0 = Release|Any CPU
		{A145EEDE-0126-42CC-B610-59155091015E}.Release|x86.Deploy.0 = Release|Any CPU
		{7E3152AD-3517-435D-9A95-CCD83A579FD6}.AppStore|Any CPU.ActiveCfg = Release|Any CPU
		{7E3152AD-3517-435D-9A95-CCD83A579FD6}.AppStore|Any CPU.Build.0 = Release|Any CPU
		{7E3152AD-3517-435D-9A95-CCD83A579FD6}.AppStore|Any CPU.Deploy.0 = Release|Any CPU
		{7E3152AD-3517-435D-9A95-CCD83A579FD6}.AppStore|ARM.ActiveCfg = Release|ARM
		{7E3152AD-3517-435D-9A95-CCD83A579FD6}.AppStore|ARM.Build.0 = Release|ARM
		{7E3152AD-3517-435D-9A95-CCD83A579FD6}.AppStore|ARM.Deploy.0 = Release|ARM
		{7E3152AD-3517-435D-9A95-CCD83A579FD6}.AppStore|iPhone.ActiveCfg = Release|Any CPU
		{7E3152AD-3517-435D-9A95-CCD83A579FD6}.AppStore|iPhone.Build.0 = Release|Any CPU
		{7E3152AD-3517-435D-9A95-CCD83A579FD6}.AppStore|iPhone.Deploy.0 = Release|Any CPU
		{7E3152AD-3517-435D-9A95-CCD83A579FD6}.AppStore|iPhoneSimulator.ActiveCfg = Release|Any CPU
		{7E3152AD-3517-435D-9A95-CCD83A579FD6}.AppStore|iPhoneSimulator.Build.0 = Release|Any CPU
		{7E3152AD-3517-435D-9A95-CCD83A579FD6}.AppStore|iPhoneSimulator.Deploy.0 = Release|Any CPU
		{7E3152AD-3517-435D-9A95-CCD83A579FD6}.AppStore|x86.ActiveCfg = Release|x86
		{7E3152AD-3517-435D-9A95-CCD83A579FD6}.AppStore|x86.Build.0 = Release|x86
		{7E3152AD-3517-435D-9A95-CCD83A579FD6}.AppStore|x86.Deploy.0 = Release|x86
		{7E3152AD-3517-435D-9A95-CCD83A579FD6}.Debug|Any CPU.ActiveCfg = Debug|Any CPU
		{7E3152AD-3517-435D-9A95-CCD83A579FD6}.Debug|Any CPU.Build.0 = Debug|Any CPU
		{7E3152AD-3517-435D-9A95-CCD83A579FD6}.Debug|Any CPU.Deploy.0 = Debug|Any CPU
		{7E3152AD-3517-435D-9A95-CCD83A579FD6}.Debug|ARM.ActiveCfg = Debug|ARM
		{7E3152AD-3517-435D-9A95-CCD83A579FD6}.Debug|ARM.Build.0 = Debug|ARM
		{7E3152AD-3517-435D-9A95-CCD83A579FD6}.Debug|ARM.Deploy.0 = Debug|ARM
		{7E3152AD-3517-435D-9A95-CCD83A579FD6}.Debug|iPhone.ActiveCfg = Debug|Any CPU
		{7E3152AD-3517-435D-9A95-CCD83A579FD6}.Debug|iPhone.Build.0 = Debug|Any CPU
		{7E3152AD-3517-435D-9A95-CCD83A579FD6}.Debug|iPhone.Deploy.0 = Debug|Any CPU
		{7E3152AD-3517-435D-9A95-CCD83A579FD6}.Debug|iPhoneSimulator.ActiveCfg = Debug|Any CPU
		{7E3152AD-3517-435D-9A95-CCD83A579FD6}.Debug|iPhoneSimulator.Build.0 = Debug|Any CPU
		{7E3152AD-3517-435D-9A95-CCD83A579FD6}.Debug|iPhoneSimulator.Deploy.0 = Debug|Any CPU
		{7E3152AD-3517-435D-9A95-CCD83A579FD6}.Debug|x86.ActiveCfg = Debug|x86
		{7E3152AD-3517-435D-9A95-CCD83A579FD6}.Debug|x86.Build.0 = Debug|x86
		{7E3152AD-3517-435D-9A95-CCD83A579FD6}.Debug|x86.Deploy.0 = Debug|x86
		{7E3152AD-3517-435D-9A95-CCD83A579FD6}.Release|Any CPU.ActiveCfg = Release|Any CPU
		{7E3152AD-3517-435D-9A95-CCD83A579FD6}.Release|Any CPU.Build.0 = Release|Any CPU
		{7E3152AD-3517-435D-9A95-CCD83A579FD6}.Release|Any CPU.Deploy.0 = Release|Any CPU
		{7E3152AD-3517-435D-9A95-CCD83A579FD6}.Release|ARM.ActiveCfg = Release|ARM
		{7E3152AD-3517-435D-9A95-CCD83A579FD6}.Release|ARM.Build.0 = Release|ARM
		{7E3152AD-3517-435D-9A95-CCD83A579FD6}.Release|ARM.Deploy.0 = Release|ARM
		{7E3152AD-3517-435D-9A95-CCD83A579FD6}.Release|iPhone.ActiveCfg = Release|Any CPU
		{7E3152AD-3517-435D-9A95-CCD83A579FD6}.Release|iPhone.Build.0 = Release|Any CPU
		{7E3152AD-3517-435D-9A95-CCD83A579FD6}.Release|iPhone.Deploy.0 = Release|Any CPU
		{7E3152AD-3517-435D-9A95-CCD83A579FD6}.Release|iPhoneSimulator.ActiveCfg = Release|Any CPU
		{7E3152AD-3517-435D-9A95-CCD83A579FD6}.Release|iPhoneSimulator.Build.0 = Release|Any CPU
		{7E3152AD-3517-435D-9A95-CCD83A579FD6}.Release|iPhoneSimulator.Deploy.0 = Release|Any CPU
		{7E3152AD-3517-435D-9A95-CCD83A579FD6}.Release|x86.ActiveCfg = Release|x86
		{7E3152AD-3517-435D-9A95-CCD83A579FD6}.Release|x86.Build.0 = Release|x86
		{7E3152AD-3517-435D-9A95-CCD83A579FD6}.Release|x86.Deploy.0 = Release|x86
		{EB1D7BEF-66F2-447A-BE83-D0C3AD1DAC17}.AppStore|Any CPU.ActiveCfg = Release|Any CPU
		{EB1D7BEF-66F2-447A-BE83-D0C3AD1DAC17}.AppStore|Any CPU.Build.0 = Release|Any CPU
		{EB1D7BEF-66F2-447A-BE83-D0C3AD1DAC17}.AppStore|ARM.ActiveCfg = Release|Any CPU
		{EB1D7BEF-66F2-447A-BE83-D0C3AD1DAC17}.AppStore|ARM.Build.0 = Release|Any CPU
		{EB1D7BEF-66F2-447A-BE83-D0C3AD1DAC17}.AppStore|iPhone.ActiveCfg = Release|Any CPU
		{EB1D7BEF-66F2-447A-BE83-D0C3AD1DAC17}.AppStore|iPhone.Build.0 = Release|Any CPU
		{EB1D7BEF-66F2-447A-BE83-D0C3AD1DAC17}.AppStore|iPhoneSimulator.ActiveCfg = Release|Any CPU
		{EB1D7BEF-66F2-447A-BE83-D0C3AD1DAC17}.AppStore|iPhoneSimulator.Build.0 = Release|Any CPU
		{EB1D7BEF-66F2-447A-BE83-D0C3AD1DAC17}.AppStore|x86.ActiveCfg = Release|Any CPU
		{EB1D7BEF-66F2-447A-BE83-D0C3AD1DAC17}.AppStore|x86.Build.0 = Release|Any CPU
		{EB1D7BEF-66F2-447A-BE83-D0C3AD1DAC17}.Debug|Any CPU.ActiveCfg = Debug|Any CPU
		{EB1D7BEF-66F2-447A-BE83-D0C3AD1DAC17}.Debug|Any CPU.Build.0 = Debug|Any CPU
		{EB1D7BEF-66F2-447A-BE83-D0C3AD1DAC17}.Debug|ARM.ActiveCfg = Debug|Any CPU
		{EB1D7BEF-66F2-447A-BE83-D0C3AD1DAC17}.Debug|ARM.Build.0 = Debug|Any CPU
		{EB1D7BEF-66F2-447A-BE83-D0C3AD1DAC17}.Debug|iPhone.ActiveCfg = Debug|Any CPU
		{EB1D7BEF-66F2-447A-BE83-D0C3AD1DAC17}.Debug|iPhone.Build.0 = Debug|Any CPU
		{EB1D7BEF-66F2-447A-BE83-D0C3AD1DAC17}.Debug|iPhoneSimulator.ActiveCfg = Debug|Any CPU
		{EB1D7BEF-66F2-447A-BE83-D0C3AD1DAC17}.Debug|iPhoneSimulator.Build.0 = Debug|Any CPU
		{EB1D7BEF-66F2-447A-BE83-D0C3AD1DAC17}.Debug|x86.ActiveCfg = Debug|Any CPU
		{EB1D7BEF-66F2-447A-BE83-D0C3AD1DAC17}.Debug|x86.Build.0 = Debug|Any CPU
		{EB1D7BEF-66F2-447A-BE83-D0C3AD1DAC17}.Release|Any CPU.ActiveCfg = Release|Any CPU
		{EB1D7BEF-66F2-447A-BE83-D0C3AD1DAC17}.Release|Any CPU.Build.0 = Release|Any CPU
		{EB1D7BEF-66F2-447A-BE83-D0C3AD1DAC17}.Release|ARM.ActiveCfg = Release|Any CPU
		{EB1D7BEF-66F2-447A-BE83-D0C3AD1DAC17}.Release|ARM.Build.0 = Release|Any CPU
		{EB1D7BEF-66F2-447A-BE83-D0C3AD1DAC17}.Release|iPhone.ActiveCfg = Release|Any CPU
		{EB1D7BEF-66F2-447A-BE83-D0C3AD1DAC17}.Release|iPhone.Build.0 = Release|Any CPU
		{EB1D7BEF-66F2-447A-BE83-D0C3AD1DAC17}.Release|iPhoneSimulator.ActiveCfg = Release|Any CPU
		{EB1D7BEF-66F2-447A-BE83-D0C3AD1DAC17}.Release|iPhoneSimulator.Build.0 = Release|Any CPU
		{EB1D7BEF-66F2-447A-BE83-D0C3AD1DAC17}.Release|x86.ActiveCfg = Release|Any CPU
		{EB1D7BEF-66F2-447A-BE83-D0C3AD1DAC17}.Release|x86.Build.0 = Release|Any CPU
	EndGlobalSection
	GlobalSection(SolutionProperties) = preSolution
		HideSolutionNode = FALSE
	EndGlobalSection
EndGlobal
